
Microsoft Visual Studio Solution File, Format Version 12.00
# Visual Studio Version 16
VisualStudioVersion = 16.0.31105.61
MinimumVisualStudioVersion = 10.0.40219.1
Project("{9A19103F-16F7-4668-BE54-9A1E7A4F7556}") = "Infatuation.Foundation.LocalServiceClient", "Infatuation.Foundation.LocalServiceClient\Infatuation.Foundation.LocalServiceClient.csproj", "{083DC454-647F-42BE-9556-B4924D80CC85}"
EndProject
Project("{FAE04EC0-301F-11D3-BF4B-00C04F79EFBC}") = "Infatuation.Project.Web", "Infatuation.Project.Web\Infatuation.Project.Web.csproj", "{F3A40F0D-CA09-41B6-B06C-2386C617F07F}"
EndProject
Global
	GlobalSection(SolutionConfigurationPlatforms) = preSolution
		Debug|Any CPU = Debug|Any CPU
		Release|Any CPU = Release|Any CPU
	EndGlobalSection
	GlobalSection(ProjectConfigurationPlatforms) = postSolution
		{083DC454-647F-42BE-9556-B4924D80CC85}.Debug|Any CPU.ActiveCfg = Debug|Any CPU
		{083DC454-647F-42BE-9556-B4924D80CC85}.Debug|Any CPU.Build.0 = Debug|Any CPU
		{083DC454-647F-42BE-9556-B4924D80CC85}.Release|Any CPU.ActiveCfg = Release|Any CPU
		{083DC454-647F-42BE-9556-B4924D80CC85}.Release|Any CPU.Build.0 = Release|Any CPU
		{F3A40F0D-CA09-41B6-B06C-2386C617F07F}.Debug|Any CPU.ActiveCfg = Debug|Any CPU
		{F3A40F0D-CA09-41B6-B06C-2386C617F07F}.Debug|Any CPU.Build.0 = Debug|Any CPU
		{F3A40F0D-CA09-41B6-B06C-2386C617F07F}.Release|Any CPU.ActiveCfg = Release|Any CPU
		{F3A40F0D-CA09-41B6-B06C-2386C617F07F}.Release|Any CPU.Build.0 = Release|Any CPU
	EndGlobalSection
	GlobalSection(SolutionProperties) = preSolution
		HideSolutionNode = FALSE
	EndGlobalSection
	GlobalSection(ExtensibilityGlobals) = postSolution
		SolutionGuid = {D0762961-782B-437C-9CBF-B2DA82C8E20F}
	EndGlobalSection
EndGlobal
